
Microsoft Visual Studio Solution File, Format Version 12.00
# Visual Studio Version 17
VisualStudioVersion = 17.9.34728.123
MinimumVisualStudioVersion = 10.0.40219.1
Project("{9A19103F-16F7-4668-BE54-9A1E7A4F7556}") = "AspNet1", "AspNet1\AspNet1.csproj", "{7B15FFAB-CD61-4001-B88A-0192F28D86F9}"
EndProject
Global
	GlobalSection(SolutionConfigurationPlatforms) = preSolution
		Debug|Any CPU = Debug|Any CPU
		Release|Any CPU = Release|Any CPU
	EndGlobalSection
	GlobalSection(ProjectConfigurationPlatforms) = postSolution
		{7B15FFAB-CD61-4001-B88A-0192F28D86F9}.Debug|Any CPU.ActiveCfg = Debug|Any CPU
		{7B15FFAB-CD61-4001-B88A-0192F28D86F9}.Debug|Any CPU.Build.0 = Debug|Any CPU
		{7B15FFAB-CD61-4001-B88A-0192F28D86F9}.Release|Any CPU.ActiveCfg = Release|Any CPU
		{7B15FFAB-CD61-4001-B88A-0192F28D86F9}.Release|Any CPU.Build.0 = Release|Any CPU
	EndGlobalSection
	GlobalSection(SolutionProperties) = preSolution
		HideSolutionNode = FALSE
	EndGlobalSection
	GlobalSection(ExtensibilityGlobals) = postSolution
		SolutionGuid = {32F8037E-0D9A-4B35-B5C2-38686FAF97F7}
	EndGlobalSection
EndGlobal
